
Microsoft Visual Studio Solution File, Format Version 12.00
# Visual Studio Version 17
VisualStudioVersion = 17.5.33516.290
MinimumVisualStudioVersion = 10.0.40219.1
Project("{F14B399A-7131-4C87-9E4B-1186C45EF12D}") = "ReportProject", "ReportProject\ReportProject.rptproj", "{9052CBE3-F2E0-4916-B7B5-2CA789B77A46}"
EndProject
Global
	GlobalSection(SolutionConfigurationPlatforms) = preSolution
		Debug|Default = Debug|Default
		DebugLocal|Default = DebugLocal|Default
		Release|Default = Release|Default
	EndGlobalSection
	GlobalSection(ProjectConfigurationPlatforms) = postSolution
		{9052CBE3-F2E0-4916-B7B5-2CA789B77A46}.Debug|Default.ActiveCfg = Debug
		{9052CBE3-F2E0-4916-B7B5-2CA789B77A46}.Debug|Default.Build.0 = Debug
		{9052CBE3-F2E0-4916-B7B5-2CA789B77A46}.Debug|Default.Deploy.0 = Debug
		{9052CBE3-F2E0-4916-B7B5-2CA789B77A46}.DebugLocal|Default.ActiveCfg = DebugLocal
		{9052CBE3-F2E0-4916-B7B5-2CA789B77A46}.DebugLocal|Default.Build.0 = DebugLocal
		{9052CBE3-F2E0-4916-B7B5-2CA789B77A46}.Release|Default.ActiveCfg = Release
		{9052CBE3-F2E0-4916-B7B5-2CA789B77A46}.Release|Default.Build.0 = Release
		{9052CBE3-F2E0-4916-B7B5-2CA789B77A46}.Release|Default.Deploy.0 = Release
	EndGlobalSection
	GlobalSection(SolutionProperties) = preSolution
		HideSolutionNode = FALSE
	EndGlobalSection
	GlobalSection(ExtensibilityGlobals) = postSolution
		SolutionGuid = {E0A929F0-3E06-48A9-8A01-209161F90880}
	EndGlobalSection
EndGlobal
